
Microsoft Visual Studio Solution File, Format Version 12.00
# Visual Studio Version 17
VisualStudioVersion = 17.4.33110.190
MinimumVisualStudioVersion = 10.0.40219.1
Project("{FAE04EC0-301F-11D3-BF4B-00C04F79EFBC}") = "SignIn", "SignIn.csproj", "{23292C61-91BF-43EE-94DF-6AF62E3099AB}"
EndProject
Global
	GlobalSection(SolutionConfigurationPlatforms) = preSolution
		Debug|Any CPU = Debug|Any CPU
		Release|Any CPU = Release|Any CPU
	EndGlobalSection
	GlobalSection(ProjectConfigurationPlatforms) = postSolution
		{23292C61-91BF-43EE-94DF-6AF62E3099AB}.Debug|Any CPU.ActiveCfg = Debug|Any CPU
		{23292C61-91BF-43EE-94DF-6AF62E3099AB}.Debug|Any CPU.Build.0 = Debug|Any CPU
		{23292C61-91BF-43EE-94DF-6AF62E3099AB}.Release|Any CPU.ActiveCfg = Release|Any CPU
		{23292C61-91BF-43EE-94DF-6AF62E3099AB}.Release|Any CPU.Build.0 = Release|Any CPU
	EndGlobalSection
	GlobalSection(SolutionProperties) = preSolution
		HideSolutionNode = FALSE
	EndGlobalSection
	GlobalSection(ExtensibilityGlobals) = postSolution
		SolutionGuid = {357F88E0-724A-4BF9-9796-900F84567C27}
	EndGlobalSection
EndGlobal
